{
  "meteor": {},
  "dependencies": {
    "basePackages": {
      "moment": {},
      "npm": {},
      "codemirror": {
        "git": "https://github.com/horner/meteor-codemirror.git",
        "tag": "v0.0.3"
      }
    },
    "packages": {
      "moment": {
        "git": "https://github.com/acreeger/meteor-moment.git",
        "tag": "v2.2.1",
        "commit": "9ee12e714afe56b189f53076447b7b54f3012065"
      },
      "npm": {
        "git": "https://github.com/arunoda/meteor-npm.git",
        "tag": "v0.2.6",
        "commit": "177ab6118de5bf8cffb19481343d5762ff7a2aaf"
      },
      "codemirror": {
        "git": "https://github.com/horner/meteor-codemirror.git",
        "tag": "v0.0.3",
        "commit": "ded8bd8f3c816b7a547370fd4ce4cce67048b342"
      }
    }
  }
}
